{
  "version": "5",
  "specifiers": {
    "jsr:@hono/hono@^4.9.2": "4.9.2"
  },
  "jsr": {
    "@hono/hono@4.9.2": {
      "integrity": "1a8ae7b0d9e4fecef440f991c604e032d5548dc313d1961073ac5d94809be52b"
    }
  },
  "workspace": {
    "dependencies": [
      "jsr:@hono/hono@^4.9.2"
    ],
    "packageJson": {
      "dependencies": [
        "npm:@ai-sdk/openai@2.0.10",
        "npm:@clerk/backend@^2.7.1",
        "npm:@hono/clerk-auth@^3.0.3",
        "npm:@langchain/core@~0.3.68",
        "npm:@langchain/textsplitters@0.1",
        "npm:@libsql/client@~0.15.10",
        "npm:@tursodatabase/serverless@~0.1.2",
        "npm:@types/node@^24.2.1",
        "npm:@types/sanitize-html@^2.16.0",
        "npm:ai@5.0.10",
        "npm:dedent@^1.6.0",
        "npm:dompurify@^3.2.6",
        "npm:dotenv@^17.2.1",
        "npm:hono@^4.9.0",
        "npm:isomorphic-dompurify@^2.26.0",
        "npm:jsdom@^26.1.0",
        "npm:langchain@~0.3.30",
        "npm:libsql-stateless-easy@^1.8.0",
        "npm:sanitize-html@^2.17.0",
        "npm:tsx@^4.20.3",
        "npm:wrangler@^4.29.1",
        "npm:zod@^4.0.15"
      ]
    }
  }
}
